
Microsoft Visual Studio Solution File, Format Version 12.00
# Visual Studio Version 17
VisualStudioVersion = 17.11.35303.130
MinimumVisualStudioVersion = 10.0.40219.1
Project("{FAE04EC0-301F-11D3-BF4B-00C04F79EFBC}") = "DVLD Project", "DVLD Project.csproj", "{25DB621A-766C-4161-BD28-76B21BC41933}"
EndProject
Project("{FAE04EC0-301F-11D3-BF4B-00C04F79EFBC}") = "DVLDDataAccessLayer", "..\DVLDDataAccessLayer\DVLDDataAccessLayer.csproj", "{2CD7B7FE-EC94-487D-9F04-46351D709202}"
EndProject
Project("{FAE04EC0-301F-11D3-BF4B-00C04F79EFBC}") = "DVLDBussinessLayer", "..\DVLDBussinessLayer\DVLDBussinessLayer.csproj", "{EA891C26-AE07-4BD3-81B7-0E009004FBCF}"
EndProject
Global
	GlobalSection(SolutionConfigurationPlatforms) = preSolution
		Debug|Any CPU = Debug|Any CPU
		Release|Any CPU = Release|Any CPU
	EndGlobalSection
	GlobalSection(ProjectConfigurationPlatforms) = postSolution
		{25DB621A-766C-4161-BD28-76B21BC41933}.Debug|Any CPU.ActiveCfg = Debug|Any CPU
		{25DB621A-766C-4161-BD28-76B21BC41933}.Debug|Any CPU.Build.0 = Debug|Any CPU
		{25DB621A-766C-4161-BD28-76B21BC41933}.Release|Any CPU.ActiveCfg = Release|Any CPU
		{25DB621A-766C-4161-BD28-76B21BC41933}.Release|Any CPU.Build.0 = Release|Any CPU
		{2CD7B7FE-EC94-487D-9F04-46351D709202}.Debug|Any CPU.ActiveCfg = Debug|Any CPU
		{2CD7B7FE-EC94-487D-9F04-46351D709202}.Debug|Any CPU.Build.0 = Debug|Any CPU
		{2CD7B7FE-EC94-487D-9F04-46351D709202}.Release|Any CPU.ActiveCfg = Release|Any CPU
		{2CD7B7FE-EC94-487D-9F04-46351D709202}.Release|Any CPU.Build.0 = Release|Any CPU
		{EA891C26-AE07-4BD3-81B7-0E009004FBCF}.Debug|Any CPU.ActiveCfg = Debug|Any CPU
		{EA891C26-AE07-4BD3-81B7-0E009004FBCF}.Debug|Any CPU.Build.0 = Debug|Any CPU
		{EA891C26-AE07-4BD3-81B7-0E009004FBCF}.Release|Any CPU.ActiveCfg = Release|Any CPU
		{EA891C26-AE07-4BD3-81B7-0E009004FBCF}.Release|Any CPU.Build.0 = Release|Any CPU
	EndGlobalSection
	GlobalSection(SolutionProperties) = preSolution
		HideSolutionNode = FALSE
	EndGlobalSection
	GlobalSection(ExtensibilityGlobals) = postSolution
		SolutionGuid = {3DD118A5-4F09-42E4-A110-3208D089F02F}
	EndGlobalSection
EndGlobal
